{
  "nodes": {
    "home-manager": {
      "inputs": {
        "nixpkgs": [
          "nixpkgs"
        ]
      },
      "locked": {
        "lastModified": 1758985165,
        "narHash": "sha256-bzthrGCHUDzUHH9F3eNl5LG5rfg4ig9x3TGjjUE23qA=",
        "owner": "nix-community",
        "repo": "home-manager",
        "rev": "11cc3d55ded3346a8195000ddeadde782a611e56",
        "type": "github"
      },
      "original": {
        "owner": "nix-community",
        "repo": "home-manager",
        "type": "github"
      }
    },
    "home-manager_2": {
      "inputs": {
        "nixpkgs": [
          "zen-browser",
          "nixpkgs"
        ]
      },
      "locked": {
        "lastModified": 1752603129,
        "narHash": "sha256-S+wmHhwNQ5Ru689L2Gu8n1OD6s9eU9n9mD827JNR+kw=",
        "owner": "nix-community",
        "repo": "home-manager",
        "rev": "e8c19a3cec2814c754f031ab3ae7316b64da085b",
        "type": "github"
      },
      "original": {
        "owner": "nix-community",
        "repo": "home-manager",
        "type": "github"
      }
    },
    "nixpkgs": {
      "locked": {
        "lastModified": 1758690382,
        "narHash": "sha256-NY3kSorgqE5LMm1LqNwGne3ZLMF2/ILgLpFr1fS4X3o=",
        "owner": "nixos",
        "repo": "nixpkgs",
        "rev": "e643668fd71b949c53f8626614b21ff71a07379d",
        "type": "github"
      },
      "original": {
        "owner": "nixos",
        "ref": "nixos-unstable",
        "repo": "nixpkgs",
        "type": "github"
      }
    },
    "nvim-vague": {
      "flake": false,
      "locked": {
        "lastModified": 1758800614,
        "narHash": "sha256-6ImESmkkBDvtzS8VlAFt0gGUTizWvw/MAXBVUYRGOgM=",
        "owner": "vague2k",
        "repo": "vague.nvim",
        "rev": "25107deb4221993429a4af404618fef066711cf3",
        "type": "github"
      },
      "original": {
        "owner": "vague2k",
        "repo": "vague.nvim",
        "type": "github"
      }
    },
    "prisma-language-server": {
      "flake": false,
      "locked": {
        "lastModified": 1758293293,
        "narHash": "sha256-VjSwS9vd3127o4+DbaP0WXUiKc15/tHZPvPd8Kw5DBg=",
        "owner": "prisma",
        "repo": "language-tools",
        "rev": "aa42121c48412ff7de7e30400929c057febd3d87",
        "type": "github"
      },
      "original": {
        "owner": "prisma",
        "repo": "language-tools",
        "type": "github"
      }
    },
    "root": {
      "inputs": {
        "home-manager": "home-manager",
        "nixpkgs": "nixpkgs",
        "nvim-vague": "nvim-vague",
        "prisma-language-server": "prisma-language-server",
        "zen-browser": "zen-browser"
      }
    },
    "zen-browser": {
      "inputs": {
        "home-manager": "home-manager_2",
        "nixpkgs": [
          "nixpkgs"
        ]
      },
      "locked": {
        "lastModified": 1758946930,
        "narHash": "sha256-dC+03a5Lfi2KYCgb4mFvewHfa3N8LOMhkfZ1dzEPGfY=",
        "owner": "0xc000022070",
        "repo": "zen-browser-flake",
        "rev": "75f421d180518e3a1b2daf9c39efaf3d13cd1dd3",
        "type": "github"
      },
      "original": {
        "owner": "0xc000022070",
        "repo": "zen-browser-flake",
        "type": "github"
      }
    }
  },
  "root": "root",
  "version": 7
}
