{
  "nodes": {
    "ags": {
      "inputs": {
        "astal": "astal",
        "nixpkgs": "nixpkgs"
      },
      "locked": {
        "lastModified": 1759227262,
        "narHash": "sha256-ibKJckw+KWH6n+pscOA7DWImanr988zKB7R2Z6ZEMLM=",
        "owner": "aylur",
        "repo": "ags",
        "rev": "f68a0d03fbb94f4beacedd922ffaa0bf0f10397a",
        "type": "github"
      },
      "original": {
        "owner": "aylur",
        "repo": "ags",
        "type": "github"
      }
    },
    "astal": {
      "inputs": {
        "nixpkgs": [
          "ags",
          "nixpkgs"
        ]
      },
      "locked": {
        "lastModified": 1756474652,
        "narHash": "sha256-iiBU6itpEqE0spXeNJ3uJTfioSyKYjt5bNepykpDXTE=",
        "owner": "aylur",
        "repo": "astal",
        "rev": "20bd8318e4136fbd3d4eb2d64dbabc3acbc915dd",
        "type": "github"
      },
      "original": {
        "owner": "aylur",
        "repo": "astal",
        "type": "github"
      }
    },
    "astal_2": {
      "inputs": {
        "nixpkgs": "nixpkgs_2"
      },
      "locked": {
        "lastModified": 1759353033,
        "narHash": "sha256-nUA6y1yFK+u5dgmOmBWWFA/XB9P9s7WkTUJzPxL3mdM=",
        "owner": "aylur",
        "repo": "astal",
        "rev": "97fe47120dc9388210c96c482128f19343876a67",
        "type": "github"
      },
      "original": {
        "owner": "aylur",
        "repo": "astal",
        "type": "github"
      }
    },
    "home-manager": {
      "inputs": {
        "nixpkgs": [
          "nixpkgs"
        ]
      },
      "locked": {
        "lastModified": 1759106866,
        "narHash": "sha256-GjLvAl7qxGxKtop6ghasxjQ1biTT7pA+WU45byzMl/4=",
        "owner": "nix-community",
        "repo": "home-manager",
        "rev": "619ae569293b6427d23cce4854eb4f3c33af3eec",
        "type": "github"
      },
      "original": {
        "owner": "nix-community",
        "repo": "home-manager",
        "type": "github"
      }
    },
    "home-manager_2": {
      "inputs": {
        "nixpkgs": [
          "zen-browser",
          "nixpkgs"
        ]
      },
      "locked": {
        "lastModified": 1752603129,
        "narHash": "sha256-S+wmHhwNQ5Ru689L2Gu8n1OD6s9eU9n9mD827JNR+kw=",
        "owner": "nix-community",
        "repo": "home-manager",
        "rev": "e8c19a3cec2814c754f031ab3ae7316b64da085b",
        "type": "github"
      },
      "original": {
        "owner": "nix-community",
        "repo": "home-manager",
        "type": "github"
      }
    },
    "nixpkgs": {
      "locked": {
        "lastModified": 1756542300,
        "narHash": "sha256-tlOn88coG5fzdyqz6R93SQL5Gpq+m/DsWpekNFhqPQk=",
        "owner": "nixos",
        "repo": "nixpkgs",
        "rev": "d7600c775f877cd87b4f5a831c28aa94137377aa",
        "type": "github"
      },
      "original": {
        "owner": "nixos",
        "ref": "nixos-unstable",
        "repo": "nixpkgs",
        "type": "github"
      }
    },
    "nixpkgs_2": {
      "locked": {
        "lastModified": 1737469691,
        "narHash": "sha256-nmKOgAU48S41dTPIXAq0AHZSehWUn6ZPrUKijHAMmIk=",
        "owner": "nixos",
        "repo": "nixpkgs",
        "rev": "9e4d5190a9482a1fb9d18adf0bdb83c6e506eaab",
        "type": "github"
      },
      "original": {
        "owner": "nixos",
        "ref": "nixos-unstable",
        "repo": "nixpkgs",
        "type": "github"
      }
    },
    "nixpkgs_3": {
      "locked": {
        "lastModified": 1759036355,
        "narHash": "sha256-0m27AKv6ka+q270dw48KflE0LwQYrO7Fm4/2//KCVWg=",
        "owner": "nixos",
        "repo": "nixpkgs",
        "rev": "e9f00bd893984bc8ce46c895c3bf7cac95331127",
        "type": "github"
      },
      "original": {
        "owner": "nixos",
        "ref": "nixos-unstable",
        "repo": "nixpkgs",
        "type": "github"
      }
    },
    "nvim-vague": {
      "flake": false,
      "locked": {
        "lastModified": 1758800614,
        "narHash": "sha256-6ImESmkkBDvtzS8VlAFt0gGUTizWvw/MAXBVUYRGOgM=",
        "owner": "vague2k",
        "repo": "vague.nvim",
        "rev": "25107deb4221993429a4af404618fef066711cf3",
        "type": "github"
      },
      "original": {
        "owner": "vague2k",
        "repo": "vague.nvim",
        "type": "github"
      }
    },
    "root": {
      "inputs": {
        "ags": "ags",
        "astal": "astal_2",
        "home-manager": "home-manager",
        "nixpkgs": "nixpkgs_3",
        "nvim-vague": "nvim-vague",
        "zen-browser": "zen-browser"
      }
    },
    "zen-browser": {
      "inputs": {
        "home-manager": "home-manager_2",
        "nixpkgs": [
          "nixpkgs"
        ]
      },
      "locked": {
        "lastModified": 1759152585,
        "narHash": "sha256-/R2EGDDpa6gG0jsjUKWbCNlY3LpwLzh7FCtaJYgYVVw=",
        "owner": "0xc000022070",
        "repo": "zen-browser-flake",
        "rev": "14a035e84a08be00f03da17459fcca2b10655b6c",
        "type": "github"
      },
      "original": {
        "owner": "0xc000022070",
        "repo": "zen-browser-flake",
        "type": "github"
      }
    }
  },
  "root": "root",
  "version": 7
}
